{
  "name": "emfed",
  "version": "1.4.1",
  "lockfileVersion": 3,
  "requires": true,
  "packages": {
    "": {
      "name": "emfed",
      "version": "1.4.1",
      "license": "Unlicense",
      "dependencies": {
        "dompurify": "^3.0.6"
      },
      "devDependencies": {
        "@types/dompurify": "^3.0.3",
        "typescript": "^5.2.2"
      }
    },
    "node_modules/@types/dompurify": {
      "version": "3.0.3",
      "resolved": "https://registry.npmjs.org/@types/dompurify/-/dompurify-3.0.3.tgz",
      "integrity": "sha512-odiGr/9/qMqjcBOe5UhcNLOFHSYmKFOyr+bJ/Xu3Qp4k1pNPAlNLUVNNLcLfjQI7+W7ObX58EdD3H+3p3voOvA==",
      "dev": true,
      "dependencies": {
        "@types/trusted-types": "*"
      }
    },
    "node_modules/@types/trusted-types": {
      "version": "2.0.4",
      "resolved": "https://registry.npmjs.org/@types/trusted-types/-/trusted-types-2.0.4.tgz",
      "integrity": "sha512-IDaobHimLQhjwsQ/NMwRVfa/yL7L/wriQPMhw1ZJall0KX6E1oxk29XMDeilW5qTIg5aoiqf5Udy8U/51aNoQQ==",
      "dev": true
    },
    "node_modules/dompurify": {
      "version": "3.0.6",
      "resolved": "https://registry.npmjs.org/dompurify/-/dompurify-3.0.6.tgz",
      "integrity": "sha512-ilkD8YEnnGh1zJ240uJsW7AzE+2qpbOUYjacomn3AvJ6J4JhKGSZ2nh4wUIXPZrEPppaCLx5jFe8T89Rk8tQ7w=="
    },
    "node_modules/typescript": {
      "version": "5.2.2",
      "resolved": "https://registry.npmjs.org/typescript/-/typescript-5.2.2.tgz",
      "integrity": "sha512-mI4WrpHsbCIcwT9cF4FZvr80QUeKvsUsUvKDoR+X/7XHQH98xYD8YHZg7ANtz2GtZt/CBq2QJ0thkGJMHfqc1w==",
      "dev": true,
      "bin": {
        "tsc": "bin/tsc",
        "tsserver": "bin/tsserver"
      },
      "engines": {
        "node": ">=14.17"
      }
    }
  }
}
